
Microsoft Visual Studio Solution File, Format Version 12.00
# Visual Studio 15
VisualStudioVersion = 15.0.28307.1433
MinimumVisualStudioVersion = 10.0.40219.1
Project("{FAE04EC0-301F-11D3-BF4B-00C04F79EFBC}") = "Project UAS Pemrograman Framework .NET", "Project UAS Pemrograman Framework .NET\Project UAS Pemrograman Framework .NET.csproj", "{46A306ED-8F49-46BA-9775-CDF33B9BE424}"
EndProject
Global
	GlobalSection(SolutionConfigurationPlatforms) = preSolution
		Debug|Any CPU = Debug|Any CPU
		Release|Any CPU = Release|Any CPU
	EndGlobalSection
	GlobalSection(ProjectConfigurationPlatforms) = postSolution
		{46A306ED-8F49-46BA-9775-CDF33B9BE424}.Debug|Any CPU.ActiveCfg = Debug|Any CPU
		{46A306ED-8F49-46BA-9775-CDF33B9BE424}.Debug|Any CPU.Build.0 = Debug|Any CPU
		{46A306ED-8F49-46BA-9775-CDF33B9BE424}.Release|Any CPU.ActiveCfg = Release|Any CPU
		{46A306ED-8F49-46BA-9775-CDF33B9BE424}.Release|Any CPU.Build.0 = Release|Any CPU
	EndGlobalSection
	GlobalSection(SolutionProperties) = preSolution
		HideSolutionNode = FALSE
	EndGlobalSection
	GlobalSection(ExtensibilityGlobals) = postSolution
		SolutionGuid = {48D768B9-2E41-43C7-B819-44EBD9482373}
	EndGlobalSection
EndGlobal
